
Microsoft Visual Studio Solution File, Format Version 12.00
# Visual Studio 15
VisualStudioVersion = 15.0.35431.46
MinimumVisualStudioVersion = 10.0.40219.1
Project("{FAE04EC0-301F-11D3-BF4B-00C04F79EFBC}") = "RestMyAss", "RestMyAss\RestMyAss.csproj", "{AE7CA53D-FCD4-4B45-8512-96E9C6C439A2}"
EndProject
Global
	GlobalSection(SolutionConfigurationPlatforms) = preSolution
		Debug|Any CPU = Debug|Any CPU
		Release|Any CPU = Release|Any CPU
	EndGlobalSection
	GlobalSection(ProjectConfigurationPlatforms) = postSolution
		{AE7CA53D-FCD4-4B45-8512-96E9C6C439A2}.Debug|Any CPU.ActiveCfg = Debug|Any CPU
		{AE7CA53D-FCD4-4B45-8512-96E9C6C439A2}.Debug|Any CPU.Build.0 = Debug|Any CPU
		{AE7CA53D-FCD4-4B45-8512-96E9C6C439A2}.Release|Any CPU.ActiveCfg = Release|Any CPU
		{AE7CA53D-FCD4-4B45-8512-96E9C6C439A2}.Release|Any CPU.Build.0 = Release|Any CPU
	EndGlobalSection
	GlobalSection(SolutionProperties) = preSolution
		HideSolutionNode = FALSE
	EndGlobalSection
	GlobalSection(ExtensibilityGlobals) = postSolution
		SolutionGuid = {45FABCAD-E083-41AE-8AFD-5BA05157DBC4}
	EndGlobalSection
EndGlobal
